// !$*UTF8*$!
{
	archiveVersion = 1;
	classes = {
	};
	objectVersion = 51;
	objects = {

/* Begin PBXBuildFile section */
		2405CFF2238CB1DB003EDB0C /* AppDelegate.swift in Sources */ = {isa = PBXBuildFile; fileRef = 2405CFF1238CB1DB003EDB0C /* AppDelegate.swift */; };
		2405CFF4238CB1DB003EDB0C /* SceneDelegate.swift in Sources */ = {isa = PBXBuildFile; fileRef = 2405CFF3238CB1DB003EDB0C /* SceneDelegate.swift */; };
		2405CFF6238CB1DB003EDB0C /* ViewController.swift in Sources */ = {isa = PBXBuildFile; fileRef = 2405CFF5238CB1DB003EDB0C /* ViewController.swift */; };
		2405CFF9238CB1DB003EDB0C /* Main.storyboard in Resources */ = {isa = PBXBuildFile; fileRef = 2405CFF7238CB1DB003EDB0C /* Main.storyboard */; };
		2405CFFB238CB1DD003EDB0C /* Assets.xcassets in Resources */ = {isa = PBXBuildFile; fileRef = 2405CFFA238CB1DD003EDB0C /* Assets.xcassets */; };
		2405CFFE238CB1DD003EDB0C /* LaunchScreen.storyboard in Resources */ = {isa = PBXBuildFile; fileRef = 2405CFFC238CB1DD003EDB0C /* LaunchScreen.storyboard */; };
		2405D006238CB298003EDB0C /* GoogleService-Info.plist in Resources */ = {isa = PBXBuildFile; fileRef = 2405D005238CB298003EDB0C /* GoogleService-Info.plist */; };
		DE2BCA212E80693677345515 /* Pods_FirebaseUI_Practice.framework in Frameworks */ = {isa = PBXBuildFile; fileRef = 0CD993B1F6744B23491C85CA /* Pods_FirebaseUI_Practice.framework */; };
/* End PBXBuildFile section */

/* Begin PBXFileReference section */
		0CD993B1F6744B23491C85CA /* Pods_FirebaseUI_Practice.framework */ = {isa = PBXFileReference; explicitFileType = wrapper.framework; includeInIndex = 0; path = Pods_FirebaseUI_Practice.framework; sourceTree = BUILT_PRODUCTS_DIR; };
		2405CFEE238CB1DB003EDB0C /* FirebaseUI-Practice.app */ = {isa = PBXFileReference; explicitFileType = wrapper.application; includeInIndex = 0; path = "FirebaseUI-Practice.app"; sourceTree = BUILT_PRODUCTS_DIR; };
		2405CFF1238CB1DB003EDB0C /* AppDelegate.swift */ = {isa = PBXFileReference; lastKnownFileType = sourcecode.swift; path = AppDelegate.swift; sourceTree = "<group>"; };
		2405CFF3238CB1DB003EDB0C /* SceneDelegate.swift */ = {isa = PBXFileReference; lastKnownFileType = sourcecode.swift; path = SceneDelegate.swift; sourceTree = "<group>"; };
		2405CFF5238CB1DB003EDB0C /* ViewController.swift */ = {isa = PBXFileReference; lastKnownFileType = sourcecode.swift; path = ViewController.swift; sourceTree = "<group>"; };
		2405CFF8238CB1DB003EDB0C /* Base */ = {isa = PBXFileReference; lastKnownFileType = file.storyboard; name = Base; path = Base.lproj/Main.storyboard; sourceTree = "<group>"; };
		2405CFFA238CB1DD003EDB0C /* Assets.xcassets */ = {isa = PBXFileReference; lastKnownFileType = folder.assetcatalog; path = Assets.xcassets; sourceTree = "<group>"; };
		2405CFFD238CB1DD003EDB0C /* Base */ = {isa = PBXFileReference; lastKnownFileType = file.storyboard; name = Base; path = Base.lproj/LaunchScreen.storyboard; sourceTree = "<group>"; };
		2405CFFF238CB1DD003EDB0C /* Info.plist */ = {isa = PBXFileReference; lastKnownFileType = text.plist.xml; path = Info.plist; sourceTree = "<group>"; };
		2405D005238CB298003EDB0C /* GoogleService-Info.plist */ = {isa = PBXFileReference; fileEncoding = 4; lastKnownFileType = text.plist.xml; path = "GoogleService-Info.plist"; sourceTree = "<group>"; };
		4E14B5DBE7138C41EABFCFF5 /* Pods-FirebaseUI-Practice.release.xcconfig */ = {isa = PBXFileReference; includeInIndex = 1; lastKnownFileType = text.xcconfig; name = "Pods-FirebaseUI-Practice.release.xcconfig"; path = "Target Support Files/Pods-FirebaseUI-Practice/Pods-FirebaseUI-Practice.release.xcconfig"; sourceTree = "<group>"; };
		CA5E50AD27B0C7816F8E302D /* Pods-FirebaseUI-Practice.debug.xcconfig */ = {isa = PBXFileReference; includeInIndex = 1; lastKnownFileType = text.xcconfig; name = "Pods-FirebaseUI-Practice.debug.xcconfig"; path = "Target Support Files/Pods-FirebaseUI-Practice/Pods-FirebaseUI-Practice.debug.xcconfig"; sourceTree = "<group>"; };
/* End PBXFileReference section */

/* Begin PBXFrameworksBuildPhase section */
		2405CFEB238CB1DB003EDB0C /* Frameworks */ = {
			isa = PBXFrameworksBuildPhase;
			buildActionMask = 2147483647;
			files = (
				DE2BCA212E80693677345515 /* Pods_FirebaseUI_Practice.framework in Frameworks */,
			);
			runOnlyForDeploymentPostprocessing = 0;
		};
/* End PBXFrameworksBuildPhase section */

/* Begin PBXGroup section */
		2405CFE5238CB1DB003EDB0C = {
			isa = PBXGroup;
			children = (
				2405CFF0238CB1DB003EDB0C /* FirebaseUI-Practice */,
				2405CFEF238CB1DB003EDB0C /* Products */,
				A3EAD409FA6813027CDD91CD /* Pods */,
				6961A0DAECF065DB458C266C /* Frameworks */,
			);
			sourceTree = "<group>";
		};
		2405CFEF238CB1DB003EDB0C /* Products */ = {
			isa = PBXGroup;
			children = (
				2405CFEE238CB1DB003EDB0C /* FirebaseUI-Practice.app */,
			);
			name = Products;
			sourceTree = "<group>";
		};
		2405CFF0238CB1DB003EDB0C /* FirebaseUI-Practice */ = {
			isa = PBXGroup;
			children = (
				2405CFF1238CB1DB003EDB0C /* AppDelegate.swift */,
				2405CFF3238CB1DB003EDB0C /* SceneDelegate.swift */,
				2405CFF5238CB1DB003EDB0C /* ViewController.swift */,
				2405CFF7238CB1DB003EDB0C /* Main.storyboard */,
				2405CFFA238CB1DD003EDB0C /* Assets.xcassets */,
				2405CFFC238CB1DD003EDB0C /* LaunchScreen.storyboard */,
				2405CFFF238CB1DD003EDB0C /* Info.plist */,
				2405D005238CB298003EDB0C /* GoogleService-Info.plist */,
			);
			path = "FirebaseUI-Practice";
			sourceTree = "<group>";
		};
		6961A0DAECF065DB458C266C /* Frameworks */ = {
			isa = PBXGroup;
			children = (
				0CD993B1F6744B23491C85CA /* Pods_FirebaseUI_Practice.framework */,
			);
			name = Frameworks;
			sourceTree = "<group>";
		};
		A3EAD409FA6813027CDD91CD /* Pods */ = {
			isa = PBXGroup;
			children = (
				CA5E50AD27B0C7816F8E302D /* Pods-FirebaseUI-Practice.debug.xcconfig */,
				4E14B5DBE7138C41EABFCFF5 /* Pods-FirebaseUI-Practice.release.xcconfig */,
			);
			path = Pods;
			sourceTree = "<group>";
		};
/* End PBXGroup section */

/* Begin PBXNativeTarget section */
		2405CFED238CB1DB003EDB0C /* FirebaseUI-Practice */ = {
			isa = PBXNativeTarget;
			buildConfigurationList = 2405D002238CB1DD003EDB0C /* Build configuration list for PBXNativeTarget "FirebaseUI-Practice" */;
			buildPhases = (
				9A670AB7D72610197FCCA702 /* [CP] Check Pods Manifest.lock */,
				2405CFEA238CB1DB003EDB0C /* Sources */,
				2405CFEB238CB1DB003EDB0C /* Frameworks */,
				2405CFEC238CB1DB003EDB0C /* Resources */,
				F4CFE94A5637C082E62C09E5 /* [CP] Embed Pods Frameworks */,
				0BF2BB28D2383900CE113BE3 /* [CP] Copy Pods Resources */,
			);
			buildRules = (
			);
			dependencies = (
			);
			name = "FirebaseUI-Practice";
			productName = "FirebaseUI-Practice";
			productReference = 2405CFEE238CB1DB003EDB0C /* FirebaseUI-Practice.app */;
			productType = "com.apple.product-type.application";
		};
/* End PBXNativeTarget section */

/* Begin PBXProject section */
		2405CFE6238CB1DB003EDB0C /* Project object */ = {
			isa = PBXProject;
			attributes = {
				LastSwiftUpdateCheck = 1110;
				LastUpgradeCheck = 1110;
				ORGANIZATIONNAME = "仮屋園　純平";
				TargetAttributes = {
					2405CFED238CB1DB003EDB0C = {
						CreatedOnToolsVersion = 11.1;
					};
				};
			};
			buildConfigurationList = 2405CFE9238CB1DB003EDB0C /* Build configuration list for PBXProject "FirebaseUI-Practice" */;
			compatibilityVersion = "Xcode 9.3";
			developmentRegion = en;
			hasScannedForEncodings = 0;
			knownRegions = (
				en,
				Base,
			);
			mainGroup = 2405CFE5238CB1DB003EDB0C;
			productRefGroup = 2405CFEF238CB1DB003EDB0C /* Products */;
			projectDirPath = "";
			projectRoot = "";
			targets = (
				2405CFED238CB1DB003EDB0C /* FirebaseUI-Practice */,
			);
		};
/* End PBXProject section */

/* Begin PBXResourcesBuildPhase section */
		2405CFEC238CB1DB003EDB0C /* Resources */ = {
			isa = PBXResourcesBuildPhase;
			buildActionMask = 2147483647;
			files = (
				2405CFFE238CB1DD003EDB0C /* LaunchScreen.storyboard in Resources */,
				2405D006238CB298003EDB0C /* GoogleService-Info.plist in Resources */,
				2405CFFB238CB1DD003EDB0C /* Assets.xcassets in Resources */,
				2405CFF9238CB1DB003EDB0C /* Main.storyboard in Resources */,
			);
			runOnlyForDeploymentPostprocessing = 0;
		};
/* End PBXResourcesBuildPhase section */

/* Begin PBXShellScriptBuildPhase section */
		0BF2BB28D2383900CE113BE3 /* [CP] Copy Pods Resources */ = {
			isa = PBXShellScriptBuildPhase;
			buildActionMask = 2147483647;
			files = (
			);
			inputFileListPaths = (
				"${PODS_ROOT}/Target Support Files/Pods-FirebaseUI-Practice/Pods-FirebaseUI-Practice-resources-${CONFIGURATION}-input-files.xcfilelist",
			);
			name = "[CP] Copy Pods Resources";
			outputFileListPaths = (
				"${PODS_ROOT}/Target Support Files/Pods-FirebaseUI-Practice/Pods-FirebaseUI-Practice-resources-${CONFIGURATION}-output-files.xcfilelist",
			);
			runOnlyForDeploymentPostprocessing = 0;
			shellPath = /bin/sh;
			shellScript = "\"${PODS_ROOT}/Target Support Files/Pods-FirebaseUI-Practice/Pods-FirebaseUI-Practice-resources.sh\"\n";
			showEnvVarsInLog = 0;
		};
		9A670AB7D72610197FCCA702 /* [CP] Check Pods Manifest.lock */ = {
			isa = PBXShellScriptBuildPhase;
			buildActionMask = 2147483647;
			files = (
			);
			inputFileListPaths = (
			);
			inputPaths = (
				"${PODS_PODFILE_DIR_PATH}/Podfile.lock",
				"${PODS_ROOT}/Manifest.lock",
			);
			name = "[CP] Check Pods Manifest.lock";
			outputFileListPaths = (
			);
			outputPaths = (
				"$(DERIVED_FILE_DIR)/Pods-FirebaseUI-Practice-checkManifestLockResult.txt",
			);
			runOnlyForDeploymentPostprocessing = 0;
			shellPath = /bin/sh;
			shellScript = "diff \"${PODS_PODFILE_DIR_PATH}/Podfile.lock\" \"${PODS_ROOT}/Manifest.lock\" > /dev/null\nif [ $? != 0 ] ; then\n    # print error to STDERR\n    echo \"error: The sandbox is not in sync with the Podfile.lock. Run 'pod install' or update your CocoaPods installation.\" >&2\n    exit 1\nfi\n# This output is used by Xcode 'outputs' to avoid re-running this script phase.\necho \"SUCCESS\" > \"${SCRIPT_OUTPUT_FILE_0}\"\n";
			showEnvVarsInLog = 0;
		};
		F4CFE94A5637C082E62C09E5 /* [CP] Embed Pods Frameworks */ = {
			isa = PBXShellScriptBuildPhase;
			buildActionMask = 2147483647;
			files = (
			);
			inputFileListPaths = (
				"${PODS_ROOT}/Target Support Files/Pods-FirebaseUI-Practice/Pods-FirebaseUI-Practice-frameworks-${CONFIGURATION}-input-files.xcfilelist",
			);
			name = "[CP] Embed Pods Frameworks";
			outputFileListPaths = (
				"${PODS_ROOT}/Target Support Files/Pods-FirebaseUI-Practice/Pods-FirebaseUI-Practice-frameworks-${CONFIGURATION}-output-files.xcfilelist",
			);
			runOnlyForDeploymentPostprocessing = 0;
			shellPath = /bin/sh;
			shellScript = "\"${PODS_ROOT}/Target Support Files/Pods-FirebaseUI-Practice/Pods-FirebaseUI-Practice-frameworks.sh\"\n";
			showEnvVarsInLog = 0;
		};
/* End PBXShellScriptBuildPhase section */

/* Begin PBXSourcesBuildPhase section */
		2405CFEA238CB1DB003EDB0C /* Sources */ = {
			isa = PBXSourcesBuildPhase;
			buildActionMask = 2147483647;
			files = (
				2405CFF6238CB1DB003EDB0C /* ViewController.swift in Sources */,
				2405CFF2238CB1DB003EDB0C /* AppDelegate.swift in Sources */,
				2405CFF4238CB1DB003EDB0C /* SceneDelegate.swift in Sources */,
			);
			runOnlyForDeploymentPostprocessing = 0;
		};
/* End PBXSourcesBuildPhase section */

/* Begin PBXVariantGroup section */
		2405CFF7238CB1DB003EDB0C /* Main.storyboard */ = {
			isa = PBXVariantGroup;
			children = (
				2405CFF8238CB1DB003EDB0C /* Base */,
			);
			name = Main.storyboard;
			sourceTree = "<group>";
		};
		2405CFFC238CB1DD003EDB0C /* LaunchScreen.storyboard */ = {
			isa = PBXVariantGroup;
			children = (
				2405CFFD238CB1DD003EDB0C /* Base */,
			);
			name = LaunchScreen.storyboard;
			sourceTree = "<group>";
		};
/* End PBXVariantGroup section */

/* Begin XCBuildConfiguration section */
		2405D000238CB1DD003EDB0C /* Debug */ = {
			isa = XCBuildConfiguration;
			buildSettings = {
				ALWAYS_SEARCH_USER_PATHS = NO;
				CLANG_ANALYZER_NONNULL = YES;
				CLANG_ANALYZER_NUMBER_OBJECT_CONVERSION = YES_AGGRESSIVE;
				CLANG_CXX_LANGUAGE_STANDARD = "gnu++14";
				CLANG_CXX_LIBRARY = "libc++";
				CLANG_ENABLE_MODULES = YES;
				CLANG_ENABLE_OBJC_ARC = YES;
				CLANG_ENABLE_OBJC_WEAK = YES;
				CLANG_WARN_BLOCK_CAPTURE_AUTORELEASING = YES;
				CLANG_WARN_BOOL_CONVERSION = YES;
				CLANG_WARN_COMMA = YES;
				CLANG_WARN_CONSTANT_CONVERSION = YES;
				CLANG_WARN_DEPRECATED_OBJC_IMPLEMENTATIONS = YES;
				CLANG_WARN_DIRECT_OBJC_ISA_USAGE = YES_ERROR;
				CLANG_WARN_DOCUMENTATION_COMMENTS = YES;
				CLANG_WARN_EMPTY_BODY = YES;
				CLANG_WARN_ENUM_CONVERSION = YES;
				CLANG_WARN_INFINITE_RECURSION = YES;
				CLANG_WARN_INT_CONVERSION = YES;
				CLANG_WARN_NON_LITERAL_NULL_CONVERSION = YES;
				CLANG_WARN_OBJC_IMPLICIT_RETAIN_SELF = YES;
				CLANG_WARN_OBJC_LITERAL_CONVERSION = YES;
				CLANG_WARN_OBJC_ROOT_CLASS = YES_ERROR;
				CLANG_WARN_RANGE_LOOP_ANALYSIS = YES;
				CLANG_WARN_STRICT_PROTOTYPES = YES;
				CLANG_WARN_SUSPICIOUS_MOVE = YES;
				CLANG_WARN_UNGUARDED_AVAILABILITY = YES_AGGRESSIVE;
				CLANG_WARN_UNREACHABLE_CODE = YES;
				CLANG_WARN__DUPLICATE_METHOD_MATCH = YES;
				COPY_PHASE_STRIP = NO;
				DEBUG_INFORMATION_FORMAT = dwarf;
				ENABLE_STRICT_OBJC_MSGSEND = YES;
				ENABLE_TESTABILITY = YES;
				GCC_C_LANGUAGE_STANDARD = gnu11;
				GCC_DYNAMIC_NO_PIC = NO;
				GCC_NO_COMMON_BLOCKS = YES;
				GCC_OPTIMIZATION_LEVEL = 0;
				GCC_PREPROCESSOR_DEFINITIONS = (
					"DEBUG=1",
					"$(inherited)",
				);
				GCC_WARN_64_TO_32_BIT_CONVERSION = YES;
				GCC_WARN_ABOUT_RETURN_TYPE = YES_ERROR;
				GCC_WARN_UNDECLARED_SELECTOR = YES;
				GCC_WARN_UNINITIALIZED_AUTOS = YES_AGGRESSIVE;
				GCC_WARN_UNUSED_FUNCTION = YES;
				GCC_WARN_UNUSED_VARIABLE = YES;
				IPHONEOS_DEPLOYMENT_TARGET = 13.1;
				MTL_ENABLE_DEBUG_INFO = INCLUDE_SOURCE;
				MTL_FAST_MATH = YES;
				ONLY_ACTIVE_ARCH = YES;
				SDKROOT = iphoneos;
				SWIFT_ACTIVE_COMPILATION_CONDITIONS = DEBUG;
				SWIFT_OPTIMIZATION_LEVEL = "-Onone";
			};
			name = Debug;
		};
		2405D001238CB1DD003EDB0C /* Release */ = {
			isa = XCBuildConfiguration;
			buildSettings = {
				ALWAYS_SEARCH_USER_PATHS = NO;
				CLANG_ANALYZER_NONNULL = YES;
				CLANG_ANALYZER_NUMBER_OBJECT_CONVERSION = YES_AGGRESSIVE;
				CLANG_CXX_LANGUAGE_STANDARD = "gnu++14";
				CLANG_CXX_LIBRARY = "libc++";
				CLANG_ENABLE_MODULES = YES;
				CLANG_ENABLE_OBJC_ARC = YES;
				CLANG_ENABLE_OBJC_WEAK = YES;
				CLANG_WARN_BLOCK_CAPTURE_AUTORELEASING = YES;
				CLANG_WARN_BOOL_CONVERSION = YES;
				CLANG_WARN_COMMA = YES;
				CLANG_WARN_CONSTANT_CONVERSION = YES;
				CLANG_WARN_DEPRECATED_OBJC_IMPLEMENTATIONS = YES;
				CLANG_WARN_DIRECT_OBJC_ISA_USAGE = YES_ERROR;
				CLANG_WARN_DOCUMENTATION_COMMENTS = YES;
				CLANG_WARN_EMPTY_BODY = YES;
				CLANG_WARN_ENUM_CONVERSION = YES;
				CLANG_WARN_INFINITE_RECURSION = YES;
				CLANG_WARN_INT_CONVERSION = YES;
				CLANG_WARN_NON_LITERAL_NULL_CONVERSION = YES;
				CLANG_WARN_OBJC_IMPLICIT_RETAIN_SELF = YES;
				CLANG_WARN_OBJC_LITERAL_CONVERSION = YES;
				CLANG_WARN_OBJC_ROOT_CLASS = YES_ERROR;
				CLANG_WARN_RANGE_LOOP_ANALYSIS = YES;
				CLANG_WARN_STRICT_PROTOTYPES = YES;
				CLANG_WARN_SUSPICIOUS_MOVE = YES;
				CLANG_WARN_UNGUARDED_AVAILABILITY = YES_AGGRESSIVE;
				CLANG_WARN_UNREACHABLE_CODE = YES;
				CLANG_WARN__DUPLICATE_METHOD_MATCH = YES;
				COPY_PHASE_STRIP = NO;
				DEBUG_INFORMATION_FORMAT = "dwarf-with-dsym";
				ENABLE_NS_ASSERTIONS = NO;
				ENABLE_STRICT_OBJC_MSGSEND = YES;
				GCC_C_LANGUAGE_STANDARD = gnu11;
				GCC_NO_COMMON_BLOCKS = YES;
				GCC_WARN_64_TO_32_BIT_CONVERSION = YES;
				GCC_WARN_ABOUT_RETURN_TYPE = YES_ERROR;
				GCC_WARN_UNDECLARED_SELECTOR = YES;
				GCC_WARN_UNINITIALIZED_AUTOS = YES_AGGRESSIVE;
				GCC_WARN_UNUSED_FUNCTION = YES;
				GCC_WARN_UNUSED_VARIABLE = YES;
				IPHONEOS_DEPLOYMENT_TARGET = 13.1;
				MTL_ENABLE_DEBUG_INFO = NO;
				MTL_FAST_MATH = YES;
				SDKROOT = iphoneos;
				SWIFT_COMPILATION_MODE = wholemodule;
				SWIFT_OPTIMIZATION_LEVEL = "-O";
				VALIDATE_PRODUCT = YES;
			};
			name = Release;
		};
		2405D003238CB1DD003EDB0C /* Debug */ = {
			isa = XCBuildConfiguration;
			baseConfigurationReference = CA5E50AD27B0C7816F8E302D /* Pods-FirebaseUI-Practice.debug.xcconfig */;
			buildSettings = {
				ASSETCATALOG_COMPILER_APPICON_NAME = AppIcon;
				CODE_SIGN_STYLE = Automatic;
				DEVELOPMENT_TEAM = 5TT9X7JRQ9;
				INFOPLIST_FILE = "FirebaseUI-Practice/Info.plist";
				LD_RUNPATH_SEARCH_PATHS = (
					"$(inherited)",
					"@executable_path/Frameworks",
				);
				PRODUCT_BUNDLE_IDENTIFIER = "com.kariyazono.FirebaseUI-Practice";
				PRODUCT_NAME = "$(TARGET_NAME)";
				SWIFT_VERSION = 5.0;
				TARGETED_DEVICE_FAMILY = "1,2";
			};
			name = Debug;
		};
		2405D004238CB1DD003EDB0C /* Release */ = {
			isa = XCBuildConfiguration;
			baseConfigurationReference = 4E14B5DBE7138C41EABFCFF5 /* Pods-FirebaseUI-Practice.release.xcconfig */;
			buildSettings = {
				ASSETCATALOG_COMPILER_APPICON_NAME = AppIcon;
				CODE_SIGN_STYLE = Automatic;
				DEVELOPMENT_TEAM = 5TT9X7JRQ9;
				INFOPLIST_FILE = "FirebaseUI-Practice/Info.plist";
				LD_RUNPATH_SEARCH_PATHS = (
					"$(inherited)",
					"@executable_path/Frameworks",
				);
				PRODUCT_BUNDLE_IDENTIFIER = "com.kariyazono.FirebaseUI-Practice";
				PRODUCT_NAME = "$(TARGET_NAME)";
				SWIFT_VERSION = 5.0;
				TARGETED_DEVICE_FAMILY = "1,2";
			};
			name = Release;
		};
/* End XCBuildConfiguration section */

/* Begin XCConfigurationList section */
		2405CFE9238CB1DB003EDB0C /* Build configuration list for PBXProject "FirebaseUI-Practice" */ = {
			isa = XCConfigurationList;
			buildConfigurations = (
				2405D000238CB1DD003EDB0C /* Debug */,
				2405D001238CB1DD003EDB0C /* Release */,
			);
			defaultConfigurationIsVisible = 0;
			defaultConfigurationName = Release;
		};
		2405D002238CB1DD003EDB0C /* Build configuration list for PBXNativeTarget "FirebaseUI-Practice" */ = {
			isa = XCConfigurationList;
			buildConfigurations = (
				2405D003238CB1DD003EDB0C /* Debug */,
				2405D004238CB1DD003EDB0C /* Release */,
			);
			defaultConfigurationIsVisible = 0;
			defaultConfigurationName = Release;
		};
/* End XCConfigurationList section */
	};
	rootObject = 2405CFE6238CB1DB003EDB0C /* Project object */;
}
